// !$*UTF8*$!
{
	archiveVersion = 1;
	classes = {
	};
	objectVersion = 46;
	objects = {

/* Begin PBXBuildFile section */
		3927BD67FE050B99682BA9E8 /* ApplicationCoordinator.m in Sources */ = {isa = PBXBuildFile; fileRef = 3927B6FB4BCBB4801906ADA2 /* ApplicationCoordinator.m */; };
		ED20E9DE1DE9CB7E004911B2 /* main.m in Sources */ = {isa = PBXBuildFile; fileRef = ED20E9DD1DE9CB7E004911B2 /* main.m */; };
		ED20E9E11DE9CB7E004911B2 /* AppDelegate.m in Sources */ = {isa = PBXBuildFile; fileRef = ED20E9E01DE9CB7E004911B2 /* AppDelegate.m */; };
		ED20E9E91DE9CB7E004911B2 /* Assets.xcassets in Resources */ = {isa = PBXBuildFile; fileRef = ED20E9E81DE9CB7E004911B2 /* Assets.xcassets */; };
		ED20E9EC1DE9CB7E004911B2 /* LaunchScreen.storyboard in Resources */ = {isa = PBXBuildFile; fileRef = ED20E9EA1DE9CB7E004911B2 /* LaunchScreen.storyboard */; };
		ED20E9F91DE9D01F004911B2 /* BaseCoordinator.m in Sources */ = {isa = PBXBuildFile; fileRef = ED20E9F81DE9D01F004911B2 /* BaseCoordinator.m */; };
		ED20EA021DE9E035004911B2 /* Tabbar.m in Sources */ = {isa = PBXBuildFile; fileRef = ED20EA011DE9E035004911B2 /* Tabbar.m */; };
/* End PBXBuildFile section */

/* Begin PBXFileReference section */
		3927B1693B49D5C962C115C7 /* TabbarFlowOutput.h */ = {isa = PBXFileReference; fileEncoding = 4; lastKnownFileType = sourcecode.c.h; path = TabbarFlowOutput.h; sourceTree = "<group>"; };
		3927B1D89B5B1CCEB8234151 /* ApplicationCoordinator.h */ = {isa = PBXFileReference; fileEncoding = 4; lastKnownFileType = sourcecode.c.h; path = ApplicationCoordinator.h; sourceTree = "<group>"; };
		3927B6FB4BCBB4801906ADA2 /* ApplicationCoordinator.m */ = {isa = PBXFileReference; fileEncoding = 4; lastKnownFileType = sourcecode.c.objc; path = ApplicationCoordinator.m; sourceTree = "<group>"; };
		ED20E9D91DE9CB7E004911B2 /* ApplicationCoordinator.app */ = {isa = PBXFileReference; explicitFileType = wrapper.application; includeInIndex = 0; path = ApplicationCoordinator.app; sourceTree = BUILT_PRODUCTS_DIR; };
		ED20E9DD1DE9CB7E004911B2 /* main.m */ = {isa = PBXFileReference; lastKnownFileType = sourcecode.c.objc; path = main.m; sourceTree = "<group>"; };
		ED20E9DF1DE9CB7E004911B2 /* AppDelegate.h */ = {isa = PBXFileReference; lastKnownFileType = sourcecode.c.h; path = AppDelegate.h; sourceTree = "<group>"; };
		ED20E9E01DE9CB7E004911B2 /* AppDelegate.m */ = {isa = PBXFileReference; lastKnownFileType = sourcecode.c.objc; path = AppDelegate.m; sourceTree = "<group>"; };
		ED20E9E81DE9CB7E004911B2 /* Assets.xcassets */ = {isa = PBXFileReference; lastKnownFileType = folder.assetcatalog; path = Assets.xcassets; sourceTree = "<group>"; };
		ED20E9EB1DE9CB7E004911B2 /* Base */ = {isa = PBXFileReference; lastKnownFileType = file.storyboard; name = Base; path = Base.lproj/LaunchScreen.storyboard; sourceTree = "<group>"; };
		ED20E9ED1DE9CB7E004911B2 /* Info.plist */ = {isa = PBXFileReference; lastKnownFileType = text.plist.xml; path = Info.plist; sourceTree = "<group>"; };
		ED20E9F51DE9CEA1004911B2 /* Coordinator.h */ = {isa = PBXFileReference; fileEncoding = 4; lastKnownFileType = sourcecode.c.h; path = Coordinator.h; sourceTree = "<group>"; };
		ED20E9F71DE9D01F004911B2 /* BaseCoordinator.h */ = {isa = PBXFileReference; fileEncoding = 4; lastKnownFileType = sourcecode.c.h; path = BaseCoordinator.h; sourceTree = "<group>"; };
		ED20E9F81DE9D01F004911B2 /* BaseCoordinator.m */ = {isa = PBXFileReference; fileEncoding = 4; lastKnownFileType = sourcecode.c.objc; path = BaseCoordinator.m; sourceTree = "<group>"; };
		ED20EA001DE9E035004911B2 /* Tabbar.h */ = {isa = PBXFileReference; fileEncoding = 4; lastKnownFileType = sourcecode.c.h; path = Tabbar.h; sourceTree = "<group>"; };
		ED20EA011DE9E035004911B2 /* Tabbar.m */ = {isa = PBXFileReference; fileEncoding = 4; lastKnownFileType = sourcecode.c.objc; path = Tabbar.m; sourceTree = "<group>"; };
		ED20EA041DE9E07E004911B2 /* PrefixHeader.pch */ = {isa = PBXFileReference; lastKnownFileType = sourcecode.c.h; path = PrefixHeader.pch; sourceTree = "<group>"; };
/* End PBXFileReference section */

/* Begin PBXFrameworksBuildPhase section */
		ED20E9D61DE9CB7E004911B2 /* Frameworks */ = {
			isa = PBXFrameworksBuildPhase;
			buildActionMask = 2147483647;
			files = (
			);
			runOnlyForDeploymentPostprocessing = 0;
		};
/* End PBXFrameworksBuildPhase section */

/* Begin PBXGroup section */
		ED20E9D01DE9CB7E004911B2 = {
			isa = PBXGroup;
			children = (
				ED20E9DB1DE9CB7E004911B2 /* ApplicationCoordinator */,
				ED20E9DA1DE9CB7E004911B2 /* Products */,
			);
			sourceTree = "<group>";
		};
		ED20E9DA1DE9CB7E004911B2 /* Products */ = {
			isa = PBXGroup;
			children = (
				ED20E9D91DE9CB7E004911B2 /* ApplicationCoordinator.app */,
			);
			name = Products;
			sourceTree = "<group>";
		};
		ED20E9DB1DE9CB7E004911B2 /* ApplicationCoordinator */ = {
			isa = PBXGroup;
			children = (
				ED20E9F31DE9CBC9004911B2 /* Application */,
				ED20E9FB1DE9DEE7004911B2 /* Flows */,
				ED20E9FF1DE9DFF0004911B2 /* InitialInterface */,
				ED20E9F41DE9CE50004911B2 /* Main protocols */,
				ED20E9F61DE9D00D004911B2 /* Parents */,
				ED20E9FA1DE9DE8E004911B2 /* Resources */,
				ED20E9DC1DE9CB7E004911B2 /* Supporting Files */,
			);
			path = ApplicationCoordinator;
			sourceTree = "<group>";
		};
		ED20E9DC1DE9CB7E004911B2 /* Supporting Files */ = {
			isa = PBXGroup;
			children = (
				ED20EA041DE9E07E004911B2 /* PrefixHeader.pch */,
				ED20E9DD1DE9CB7E004911B2 /* main.m */,
			);
			path = "Supporting Files";
			sourceTree = "<group>";
		};
		ED20E9F31DE9CBC9004911B2 /* Application */ = {
			isa = PBXGroup;
			children = (
				ED20E9FE1DE9DF40004911B2 /* ApplicationCoordinator */,
				ED20E9DF1DE9CB7E004911B2 /* AppDelegate.h */,
				ED20E9E01DE9CB7E004911B2 /* AppDelegate.m */,
				3927B1693B49D5C962C115C7 /* TabbarFlowOutput.h */,
			);
			path = Application;
			sourceTree = "<group>";
		};
		ED20E9F41DE9CE50004911B2 /* Main protocols */ = {
			isa = PBXGroup;
			children = (
				ED20E9F51DE9CEA1004911B2 /* Coordinator.h */,
			);
			path = "Main protocols";
			sourceTree = "<group>";
		};
		ED20E9F61DE9D00D004911B2 /* Parents */ = {
			isa = PBXGroup;
			children = (
				ED20E9F71DE9D01F004911B2 /* BaseCoordinator.h */,
				ED20E9F81DE9D01F004911B2 /* BaseCoordinator.m */,
			);
			path = Parents;
			sourceTree = "<group>";
		};
		ED20E9FA1DE9DE8E004911B2 /* Resources */ = {
			isa = PBXGroup;
			children = (
				ED20E9E81DE9CB7E004911B2 /* Assets.xcassets */,
				ED20E9ED1DE9CB7E004911B2 /* Info.plist */,
			);
			path = Resources;
			sourceTree = "<group>";
		};
		ED20E9FB1DE9DEE7004911B2 /* Flows */ = {
			isa = PBXGroup;
			children = (
				ED20E9FD1DE9DEF6004911B2 /* ItemsFlow */,
				ED20E9FC1DE9DEEF004911B2 /* SettingsFlow */,
			);
			path = Flows;
			sourceTree = "<group>";
		};
		ED20E9FC1DE9DEEF004911B2 /* SettingsFlow */ = {
			isa = PBXGroup;
			children = (
			);
			path = SettingsFlow;
			sourceTree = "<group>";
		};
		ED20E9FD1DE9DEF6004911B2 /* ItemsFlow */ = {
			isa = PBXGroup;
			children = (
			);
			path = ItemsFlow;
			sourceTree = "<group>";
		};
		ED20E9FE1DE9DF40004911B2 /* ApplicationCoordinator */ = {
			isa = PBXGroup;
			children = (
				3927B1D89B5B1CCEB8234151 /* ApplicationCoordinator.h */,
				3927B6FB4BCBB4801906ADA2 /* ApplicationCoordinator.m */,
			);
			path = ApplicationCoordinator;
			sourceTree = "<group>";
		};
		ED20E9FF1DE9DFF0004911B2 /* InitialInterface */ = {
			isa = PBXGroup;
			children = (
				ED20EA031DE9E037004911B2 /* Tabbar */,
				ED20E9EA1DE9CB7E004911B2 /* LaunchScreen.storyboard */,
			);
			path = InitialInterface;
			sourceTree = "<group>";
		};
		ED20EA031DE9E037004911B2 /* Tabbar */ = {
			isa = PBXGroup;
			children = (
				ED20EA001DE9E035004911B2 /* Tabbar.h */,
				ED20EA011DE9E035004911B2 /* Tabbar.m */,
			);
			path = Tabbar;
			sourceTree = "<group>";
		};
/* End PBXGroup section */

/* Begin PBXNativeTarget section */
		ED20E9D81DE9CB7E004911B2 /* ApplicationCoordinator */ = {
			isa = PBXNativeTarget;
			buildConfigurationList = ED20E9F01DE9CB7E004911B2 /* Build configuration list for PBXNativeTarget "ApplicationCoordinator" */;
			buildPhases = (
				ED20E9D51DE9CB7E004911B2 /* Sources */,
				ED20E9D61DE9CB7E004911B2 /* Frameworks */,
				ED20E9D71DE9CB7E004911B2 /* Resources */,
			);
			buildRules = (
			);
			dependencies = (
			);
			name = ApplicationCoordinator;
			productName = ApplicationCoordinator;
			productReference = ED20E9D91DE9CB7E004911B2 /* ApplicationCoordinator.app */;
			productType = "com.apple.product-type.application";
		};
/* End PBXNativeTarget section */

/* Begin PBXProject section */
		ED20E9D11DE9CB7E004911B2 /* Project object */ = {
			isa = PBXProject;
			attributes = {
				CLASSPREFIX = "";
				LastUpgradeCheck = 0810;
				ORGANIZATIONNAME = "Igor Kislyuk";
				TargetAttributes = {
					ED20E9D81DE9CB7E004911B2 = {
						CreatedOnToolsVersion = 8.1;
						DevelopmentTeam = YQQ4NPWJXP;
						ProvisioningStyle = Automatic;
					};
				};
			};
			buildConfigurationList = ED20E9D41DE9CB7E004911B2 /* Build configuration list for PBXProject "ApplicationCoordinator" */;
			compatibilityVersion = "Xcode 3.2";
			developmentRegion = English;
			hasScannedForEncodings = 0;
			knownRegions = (
				en,
				Base,
			);
			mainGroup = ED20E9D01DE9CB7E004911B2;
			productRefGroup = ED20E9DA1DE9CB7E004911B2 /* Products */;
			projectDirPath = "";
			projectRoot = "";
			targets = (
				ED20E9D81DE9CB7E004911B2 /* ApplicationCoordinator */,
			);
		};
/* End PBXProject section */

/* Begin PBXResourcesBuildPhase section */
		ED20E9D71DE9CB7E004911B2 /* Resources */ = {
			isa = PBXResourcesBuildPhase;
			buildActionMask = 2147483647;
			files = (
				ED20E9EC1DE9CB7E004911B2 /* LaunchScreen.storyboard in Resources */,
				ED20E9E91DE9CB7E004911B2 /* Assets.xcassets in Resources */,
			);
			runOnlyForDeploymentPostprocessing = 0;
		};
/* End PBXResourcesBuildPhase section */

/* Begin PBXSourcesBuildPhase section */
		ED20E9D51DE9CB7E004911B2 /* Sources */ = {
			isa = PBXSourcesBuildPhase;
			buildActionMask = 2147483647;
			files = (
				ED20EA021DE9E035004911B2 /* Tabbar.m in Sources */,
				ED20E9E11DE9CB7E004911B2 /* AppDelegate.m in Sources */,
				ED20E9DE1DE9CB7E004911B2 /* main.m in Sources */,
				ED20E9F91DE9D01F004911B2 /* BaseCoordinator.m in Sources */,
				3927BD67FE050B99682BA9E8 /* ApplicationCoordinator.m in Sources */,
			);
			runOnlyForDeploymentPostprocessing = 0;
		};
/* End PBXSourcesBuildPhase section */

/* Begin PBXVariantGroup section */
		ED20E9EA1DE9CB7E004911B2 /* LaunchScreen.storyboard */ = {
			isa = PBXVariantGroup;
			children = (
				ED20E9EB1DE9CB7E004911B2 /* Base */,
			);
			name = LaunchScreen.storyboard;
			path = .;
			sourceTree = "<group>";
		};
/* End PBXVariantGroup section */

/* Begin XCBuildConfiguration section */
		ED20E9EE1DE9CB7E004911B2 /* Debug */ = {
			isa = XCBuildConfiguration;
			buildSettings = {
				ALWAYS_SEARCH_USER_PATHS = NO;
				CLANG_ANALYZER_NONNULL = YES;
				CLANG_CXX_LANGUAGE_STANDARD = "gnu++0x";
				CLANG_CXX_LIBRARY = "libc++";
				CLANG_ENABLE_MODULES = YES;
				CLANG_ENABLE_OBJC_ARC = YES;
				CLANG_WARN_BOOL_CONVERSION = YES;
				CLANG_WARN_CONSTANT_CONVERSION = YES;
				CLANG_WARN_DIRECT_OBJC_ISA_USAGE = YES_ERROR;
				CLANG_WARN_DOCUMENTATION_COMMENTS = YES;
				CLANG_WARN_EMPTY_BODY = YES;
				CLANG_WARN_ENUM_CONVERSION = YES;
				CLANG_WARN_INFINITE_RECURSION = YES;
				CLANG_WARN_INT_CONVERSION = YES;
				CLANG_WARN_OBJC_ROOT_CLASS = YES_ERROR;
				CLANG_WARN_SUSPICIOUS_MOVES = YES;
				CLANG_WARN_UNREACHABLE_CODE = YES;
				CLANG_WARN__DUPLICATE_METHOD_MATCH = YES;
				"CODE_SIGN_IDENTITY[sdk=iphoneos*]" = "iPhone Developer";
				COPY_PHASE_STRIP = NO;
				DEBUG_INFORMATION_FORMAT = dwarf;
				ENABLE_STRICT_OBJC_MSGSEND = YES;
				ENABLE_TESTABILITY = YES;
				GCC_C_LANGUAGE_STANDARD = gnu99;
				GCC_DYNAMIC_NO_PIC = NO;
				GCC_NO_COMMON_BLOCKS = YES;
				GCC_OPTIMIZATION_LEVEL = 0;
				GCC_PREPROCESSOR_DEFINITIONS = (
					"DEBUG=1",
					"$(inherited)",
				);
				GCC_WARN_64_TO_32_BIT_CONVERSION = YES;
				GCC_WARN_ABOUT_RETURN_TYPE = YES_ERROR;
				GCC_WARN_UNDECLARED_SELECTOR = YES;
				GCC_WARN_UNINITIALIZED_AUTOS = YES_AGGRESSIVE;
				GCC_WARN_UNUSED_FUNCTION = YES;
				GCC_WARN_UNUSED_VARIABLE = YES;
				IPHONEOS_DEPLOYMENT_TARGET = 10.1;
				MTL_ENABLE_DEBUG_INFO = YES;
				ONLY_ACTIVE_ARCH = YES;
				SDKROOT = iphoneos;
				TARGETED_DEVICE_FAMILY = "1,2";
			};
			name = Debug;
		};
		ED20E9EF1DE9CB7E004911B2 /* Release */ = {
			isa = XCBuildConfiguration;
			buildSettings = {
				ALWAYS_SEARCH_USER_PATHS = NO;
				CLANG_ANALYZER_NONNULL = YES;
				CLANG_CXX_LANGUAGE_STANDARD = "gnu++0x";
				CLANG_CXX_LIBRARY = "libc++";
				CLANG_ENABLE_MODULES = YES;
				CLANG_ENABLE_OBJC_ARC = YES;
				CLANG_WARN_BOOL_CONVERSION = YES;
				CLANG_WARN_CONSTANT_CONVERSION = YES;
				CLANG_WARN_DIRECT_OBJC_ISA_USAGE = YES_ERROR;
				CLANG_WARN_DOCUMENTATION_COMMENTS = YES;
				CLANG_WARN_EMPTY_BODY = YES;
				CLANG_WARN_ENUM_CONVERSION = YES;
				CLANG_WARN_INFINITE_RECURSION = YES;
				CLANG_WARN_INT_CONVERSION = YES;
				CLANG_WARN_OBJC_ROOT_CLASS = YES_ERROR;
				CLANG_WARN_SUSPICIOUS_MOVES = YES;
				CLANG_WARN_UNREACHABLE_CODE = YES;
				CLANG_WARN__DUPLICATE_METHOD_MATCH = YES;
				"CODE_SIGN_IDENTITY[sdk=iphoneos*]" = "iPhone Developer";
				COPY_PHASE_STRIP = NO;
				DEBUG_INFORMATION_FORMAT = "dwarf-with-dsym";
				ENABLE_NS_ASSERTIONS = NO;
				ENABLE_STRICT_OBJC_MSGSEND = YES;
				GCC_C_LANGUAGE_STANDARD = gnu99;
				GCC_NO_COMMON_BLOCKS = YES;
				GCC_WARN_64_TO_32_BIT_CONVERSION = YES;
				GCC_WARN_ABOUT_RETURN_TYPE = YES_ERROR;
				GCC_WARN_UNDECLARED_SELECTOR = YES;
				GCC_WARN_UNINITIALIZED_AUTOS = YES_AGGRESSIVE;
				GCC_WARN_UNUSED_FUNCTION = YES;
				GCC_WARN_UNUSED_VARIABLE = YES;
				IPHONEOS_DEPLOYMENT_TARGET = 10.1;
				MTL_ENABLE_DEBUG_INFO = NO;
				SDKROOT = iphoneos;
				TARGETED_DEVICE_FAMILY = "1,2";
				VALIDATE_PRODUCT = YES;
			};
			name = Release;
		};
		ED20E9F11DE9CB7E004911B2 /* Debug */ = {
			isa = XCBuildConfiguration;
			buildSettings = {
				ASSETCATALOG_COMPILER_APPICON_NAME = AppIcon;
				DEVELOPMENT_TEAM = YQQ4NPWJXP;
				GCC_PRECOMPILE_PREFIX_HEADER = YES;
				GCC_PREFIX_HEADER = "$(SRCROOT)/ApplicationCoordinator/Supporting Files/PrefixHeader.pch";
				INFOPLIST_FILE = ApplicationCoordinator/Resources/Info.plist;
				IPHONEOS_DEPLOYMENT_TARGET = 9.0;
				LD_RUNPATH_SEARCH_PATHS = "$(inherited) @executable_path/Frameworks";
				PRODUCT_BUNDLE_IDENTIFIER = com.igorkislyuk.ApplicationCoordinator;
				PRODUCT_NAME = "$(TARGET_NAME)";
			};
			name = Debug;
		};
		ED20E9F21DE9CB7E004911B2 /* Release */ = {
			isa = XCBuildConfiguration;
			buildSettings = {
				ASSETCATALOG_COMPILER_APPICON_NAME = AppIcon;
				DEVELOPMENT_TEAM = YQQ4NPWJXP;
				GCC_PRECOMPILE_PREFIX_HEADER = YES;
				GCC_PREFIX_HEADER = "$(SRCROOT)/ApplicationCoordinator/Supporting Files/PrefixHeader.pch";
				INFOPLIST_FILE = ApplicationCoordinator/Resources/Info.plist;
				IPHONEOS_DEPLOYMENT_TARGET = 9.0;
				LD_RUNPATH_SEARCH_PATHS = "$(inherited) @executable_path/Frameworks";
				PRODUCT_BUNDLE_IDENTIFIER = com.igorkislyuk.ApplicationCoordinator;
				PRODUCT_NAME = "$(TARGET_NAME)";
			};
			name = Release;
		};
/* End XCBuildConfiguration section */

/* Begin XCConfigurationList section */
		ED20E9D41DE9CB7E004911B2 /* Build configuration list for PBXProject "ApplicationCoordinator" */ = {
			isa = XCConfigurationList;
			buildConfigurations = (
				ED20E9EE1DE9CB7E004911B2 /* Debug */,
				ED20E9EF1DE9CB7E004911B2 /* Release */,
			);
			defaultConfigurationIsVisible = 0;
			defaultConfigurationName = Release;
		};
		ED20E9F01DE9CB7E004911B2 /* Build configuration list for PBXNativeTarget "ApplicationCoordinator" */ = {
			isa = XCConfigurationList;
			buildConfigurations = (
				ED20E9F11DE9CB7E004911B2 /* Debug */,
				ED20E9F21DE9CB7E004911B2 /* Release */,
			);
			defaultConfigurationIsVisible = 0;
			defaultConfigurationName = Release;
		};
/* End XCConfigurationList section */
	};
	rootObject = ED20E9D11DE9CB7E004911B2 /* Project object */;
}
